// !$*UTF8*$!
{
	archiveVersion = 1;
	classes = {
	};
	objectVersion = 48;
	objects = {

/* Begin PBXBuildFile section */
		903234E520B5962700AA7DBB /* ARSCNView.swift in Sources */ = {isa = PBXBuildFile; fileRef = 903234E320B5962600AA7DBB /* ARSCNView.swift */; };
		903234E620B5962700AA7DBB /* SCNVector3.swift in Sources */ = {isa = PBXBuildFile; fileRef = 903234E420B5962700AA7DBB /* SCNVector3.swift */; };
		903234E820B7AD8D00AA7DBB /* ParserSelectViewController.swift in Sources */ = {isa = PBXBuildFile; fileRef = 903234E720B7AD8D00AA7DBB /* ParserSelectViewController.swift */; };
		903234EA20B8067D00AA7DBB /* Line.swift in Sources */ = {isa = PBXBuildFile; fileRef = 903234E920B8067D00AA7DBB /* Line.swift */; };
		903234EC20B8168A00AA7DBB /* DevicesModelName.swift in Sources */ = {isa = PBXBuildFile; fileRef = 903234EB20B8168A00AA7DBB /* DevicesModelName.swift */; };
		903A7ECA20B58EDA00EB1991 /* AppDelegate.swift in Sources */ = {isa = PBXBuildFile; fileRef = 903A7EC920B58EDA00EB1991 /* AppDelegate.swift */; };
		903A7ECC20B58EDA00EB1991 /* art.scnassets in Resources */ = {isa = PBXBuildFile; fileRef = 903A7ECB20B58EDA00EB1991 /* art.scnassets */; };
		903A7ECE20B58EDA00EB1991 /* ViewController.swift in Sources */ = {isa = PBXBuildFile; fileRef = 903A7ECD20B58EDA00EB1991 /* ViewController.swift */; };
		903A7ED120B58EDA00EB1991 /* Main.storyboard in Resources */ = {isa = PBXBuildFile; fileRef = 903A7ECF20B58EDA00EB1991 /* Main.storyboard */; };
		903A7ED320B58EDA00EB1991 /* Assets.xcassets in Resources */ = {isa = PBXBuildFile; fileRef = 903A7ED220B58EDA00EB1991 /* Assets.xcassets */; };
		903A7ED620B58EDA00EB1991 /* LaunchScreen.storyboard in Resources */ = {isa = PBXBuildFile; fileRef = 903A7ED420B58EDA00EB1991 /* LaunchScreen.storyboard */; };
		908AA1AC20BEAF3600AF2BDC /* resultTableViewController.swift in Sources */ = {isa = PBXBuildFile; fileRef = 908AA1AB20BEAF3600AF2BDC /* resultTableViewController.swift */; };
/* End PBXBuildFile section */

/* Begin PBXFileReference section */
		903234E320B5962600AA7DBB /* ARSCNView.swift */ = {isa = PBXFileReference; fileEncoding = 4; lastKnownFileType = sourcecode.swift; path = ARSCNView.swift; sourceTree = "<group>"; };
		903234E420B5962700AA7DBB /* SCNVector3.swift */ = {isa = PBXFileReference; fileEncoding = 4; lastKnownFileType = sourcecode.swift; path = SCNVector3.swift; sourceTree = "<group>"; };
		903234E720B7AD8D00AA7DBB /* ParserSelectViewController.swift */ = {isa = PBXFileReference; lastKnownFileType = sourcecode.swift; path = ParserSelectViewController.swift; sourceTree = "<group>"; };
		903234E920B8067D00AA7DBB /* Line.swift */ = {isa = PBXFileReference; fileEncoding = 4; lastKnownFileType = sourcecode.swift; path = Line.swift; sourceTree = "<group>"; };
		903234EB20B8168A00AA7DBB /* DevicesModelName.swift */ = {isa = PBXFileReference; lastKnownFileType = sourcecode.swift; path = DevicesModelName.swift; sourceTree = "<group>"; };
		903A7EC620B58EDA00EB1991 /* HouseMeasure.app */ = {isa = PBXFileReference; explicitFileType = wrapper.application; includeInIndex = 0; path = HouseMeasure.app; sourceTree = BUILT_PRODUCTS_DIR; };
		903A7EC920B58EDA00EB1991 /* AppDelegate.swift */ = {isa = PBXFileReference; lastKnownFileType = sourcecode.swift; path = AppDelegate.swift; sourceTree = "<group>"; };
		903A7ECB20B58EDA00EB1991 /* art.scnassets */ = {isa = PBXFileReference; lastKnownFileType = wrapper.scnassets; path = art.scnassets; sourceTree = "<group>"; };
		903A7ECD20B58EDA00EB1991 /* ViewController.swift */ = {isa = PBXFileReference; lastKnownFileType = sourcecode.swift; path = ViewController.swift; sourceTree = "<group>"; };
		903A7ED020B58EDA00EB1991 /* Base */ = {isa = PBXFileReference; lastKnownFileType = file.storyboard; name = Base; path = Base.lproj/Main.storyboard; sourceTree = "<group>"; };
		903A7ED220B58EDA00EB1991 /* Assets.xcassets */ = {isa = PBXFileReference; lastKnownFileType = folder.assetcatalog; path = Assets.xcassets; sourceTree = "<group>"; };
		903A7ED520B58EDA00EB1991 /* Base */ = {isa = PBXFileReference; lastKnownFileType = file.storyboard; name = Base; path = Base.lproj/LaunchScreen.storyboard; sourceTree = "<group>"; };
		903A7ED720B58EDA00EB1991 /* Info.plist */ = {isa = PBXFileReference; lastKnownFileType = text.plist.xml; path = Info.plist; sourceTree = "<group>"; };
		908AA1AB20BEAF3600AF2BDC /* resultTableViewController.swift */ = {isa = PBXFileReference; lastKnownFileType = sourcecode.swift; path = resultTableViewController.swift; sourceTree = "<group>"; };
/* End PBXFileReference section */

/* Begin PBXFrameworksBuildPhase section */
		903A7EC320B58EDA00EB1991 /* Frameworks */ = {
			isa = PBXFrameworksBuildPhase;
			buildActionMask = 2147483647;
			files = (
			);
			runOnlyForDeploymentPostprocessing = 0;
		};
/* End PBXFrameworksBuildPhase section */

/* Begin PBXGroup section */
		903A7EBD20B58EDA00EB1991 = {
			isa = PBXGroup;
			children = (
				903A7EC820B58EDA00EB1991 /* HouseMeasure */,
				903A7EC720B58EDA00EB1991 /* Products */,
			);
			sourceTree = "<group>";
		};
		903A7EC720B58EDA00EB1991 /* Products */ = {
			isa = PBXGroup;
			children = (
				903A7EC620B58EDA00EB1991 /* HouseMeasure.app */,
			);
			name = Products;
			sourceTree = "<group>";
		};
		903A7EC820B58EDA00EB1991 /* HouseMeasure */ = {
			isa = PBXGroup;
			children = (
				903234E920B8067D00AA7DBB /* Line.swift */,
				903234E320B5962600AA7DBB /* ARSCNView.swift */,
				903234E420B5962700AA7DBB /* SCNVector3.swift */,
				903A7EC920B58EDA00EB1991 /* AppDelegate.swift */,
				903A7ECB20B58EDA00EB1991 /* art.scnassets */,
				903A7ECD20B58EDA00EB1991 /* ViewController.swift */,
				903A7ECF20B58EDA00EB1991 /* Main.storyboard */,
				903A7ED220B58EDA00EB1991 /* Assets.xcassets */,
				903A7ED420B58EDA00EB1991 /* LaunchScreen.storyboard */,
				903A7ED720B58EDA00EB1991 /* Info.plist */,
				903234E720B7AD8D00AA7DBB /* ParserSelectViewController.swift */,
				903234EB20B8168A00AA7DBB /* DevicesModelName.swift */,
				908AA1AB20BEAF3600AF2BDC /* resultTableViewController.swift */,
			);
			path = HouseMeasure;
			sourceTree = "<group>";
		};
/* End PBXGroup section */

/* Begin PBXNativeTarget section */
		903A7EC520B58EDA00EB1991 /* HouseMeasure */ = {
			isa = PBXNativeTarget;
			buildConfigurationList = 903A7EDA20B58EDA00EB1991 /* Build configuration list for PBXNativeTarget "HouseMeasure" */;
			buildPhases = (
				903A7EC220B58EDA00EB1991 /* Sources */,
				903A7EC320B58EDA00EB1991 /* Frameworks */,
				903A7EC420B58EDA00EB1991 /* Resources */,
			);
			buildRules = (
			);
			dependencies = (
			);
			name = HouseMeasure;
			productName = HouseMeasure;
			productReference = 903A7EC620B58EDA00EB1991 /* HouseMeasure.app */;
			productType = "com.apple.product-type.application";
		};
/* End PBXNativeTarget section */

/* Begin PBXProject section */
		903A7EBE20B58EDA00EB1991 /* Project object */ = {
			isa = PBXProject;
			attributes = {
				LastSwiftUpdateCheck = 0920;
				LastUpgradeCheck = 0940;
				ORGANIZATIONNAME = White;
				TargetAttributes = {
					903A7EC520B58EDA00EB1991 = {
						CreatedOnToolsVersion = 9.2;
						ProvisioningStyle = Automatic;
					};
				};
			};
			buildConfigurationList = 903A7EC120B58EDA00EB1991 /* Build configuration list for PBXProject "HouseMeasure" */;
			compatibilityVersion = "Xcode 8.0";
			developmentRegion = en;
			hasScannedForEncodings = 0;
			knownRegions = (
				en,
				Base,
			);
			mainGroup = 903A7EBD20B58EDA00EB1991;
			productRefGroup = 903A7EC720B58EDA00EB1991 /* Products */;
			projectDirPath = "";
			projectRoot = "";
			targets = (
				903A7EC520B58EDA00EB1991 /* HouseMeasure */,
			);
		};
/* End PBXProject section */

/* Begin PBXResourcesBuildPhase section */
		903A7EC420B58EDA00EB1991 /* Resources */ = {
			isa = PBXResourcesBuildPhase;
			buildActionMask = 2147483647;
			files = (
				903A7ECC20B58EDA00EB1991 /* art.scnassets in Resources */,
				903A7ED620B58EDA00EB1991 /* LaunchScreen.storyboard in Resources */,
				903A7ED320B58EDA00EB1991 /* Assets.xcassets in Resources */,
				903A7ED120B58EDA00EB1991 /* Main.storyboard in Resources */,
			);
			runOnlyForDeploymentPostprocessing = 0;
		};
/* End PBXResourcesBuildPhase section */

/* Begin PBXSourcesBuildPhase section */
		903A7EC220B58EDA00EB1991 /* Sources */ = {
			isa = PBXSourcesBuildPhase;
			buildActionMask = 2147483647;
			files = (
				908AA1AC20BEAF3600AF2BDC /* resultTableViewController.swift in Sources */,
				903A7ECE20B58EDA00EB1991 /* ViewController.swift in Sources */,
				903234E620B5962700AA7DBB /* SCNVector3.swift in Sources */,
				903A7ECA20B58EDA00EB1991 /* AppDelegate.swift in Sources */,
				903234EC20B8168A00AA7DBB /* DevicesModelName.swift in Sources */,
				903234EA20B8067D00AA7DBB /* Line.swift in Sources */,
				903234E820B7AD8D00AA7DBB /* ParserSelectViewController.swift in Sources */,
				903234E520B5962700AA7DBB /* ARSCNView.swift in Sources */,
			);
			runOnlyForDeploymentPostprocessing = 0;
		};
/* End PBXSourcesBuildPhase section */

/* Begin PBXVariantGroup section */
		903A7ECF20B58EDA00EB1991 /* Main.storyboard */ = {
			isa = PBXVariantGroup;
			children = (
				903A7ED020B58EDA00EB1991 /* Base */,
			);
			name = Main.storyboard;
			sourceTree = "<group>";
		};
		903A7ED420B58EDA00EB1991 /* LaunchScreen.storyboard */ = {
			isa = PBXVariantGroup;
			children = (
				903A7ED520B58EDA00EB1991 /* Base */,
			);
			name = LaunchScreen.storyboard;
			sourceTree = "<group>";
		};
/* End PBXVariantGroup section */

/* Begin XCBuildConfiguration section */
		903A7ED820B58EDA00EB1991 /* Debug */ = {
			isa = XCBuildConfiguration;
			buildSettings = {
				ALWAYS_SEARCH_USER_PATHS = NO;
				CLANG_ANALYZER_NONNULL = YES;
				CLANG_ANALYZER_NUMBER_OBJECT_CONVERSION = YES_AGGRESSIVE;
				CLANG_CXX_LANGUAGE_STANDARD = "gnu++14";
				CLANG_CXX_LIBRARY = "libc++";
				CLANG_ENABLE_MODULES = YES;
				CLANG_ENABLE_OBJC_ARC = YES;
				CLANG_WARN_BLOCK_CAPTURE_AUTORELEASING = YES;
				CLANG_WARN_BOOL_CONVERSION = YES;
				CLANG_WARN_COMMA = YES;
				CLANG_WARN_CONSTANT_CONVERSION = YES;
				CLANG_WARN_DEPRECATED_OBJC_IMPLEMENTATIONS = YES;
				CLANG_WARN_DIRECT_OBJC_ISA_USAGE = YES_ERROR;
				CLANG_WARN_DOCUMENTATION_COMMENTS = YES;
				CLANG_WARN_EMPTY_BODY = YES;
				CLANG_WARN_ENUM_CONVERSION = YES;
				CLANG_WARN_INFINITE_RECURSION = YES;
				CLANG_WARN_INT_CONVERSION = YES;
				CLANG_WARN_NON_LITERAL_NULL_CONVERSION = YES;
				CLANG_WARN_OBJC_IMPLICIT_RETAIN_SELF = YES;
				CLANG_WARN_OBJC_LITERAL_CONVERSION = YES;
				CLANG_WARN_OBJC_ROOT_CLASS = YES_ERROR;
				CLANG_WARN_RANGE_LOOP_ANALYSIS = YES;
				CLANG_WARN_STRICT_PROTOTYPES = YES;
				CLANG_WARN_SUSPICIOUS_MOVE = YES;
				CLANG_WARN_UNGUARDED_AVAILABILITY = YES_AGGRESSIVE;
				CLANG_WARN_UNREACHABLE_CODE = YES;
				CLANG_WARN__DUPLICATE_METHOD_MATCH = YES;
				CODE_SIGN_IDENTITY = "iPhone Developer";
				COPY_PHASE_STRIP = NO;
				DEBUG_INFORMATION_FORMAT = dwarf;
				ENABLE_STRICT_OBJC_MSGSEND = YES;
				ENABLE_TESTABILITY = YES;
				GCC_C_LANGUAGE_STANDARD = gnu11;
				GCC_DYNAMIC_NO_PIC = NO;
				GCC_NO_COMMON_BLOCKS = YES;
				GCC_OPTIMIZATION_LEVEL = 0;
				GCC_PREPROCESSOR_DEFINITIONS = (
					"DEBUG=1",
					"$(inherited)",
				);
				GCC_WARN_64_TO_32_BIT_CONVERSION = YES;
				GCC_WARN_ABOUT_RETURN_TYPE = YES_ERROR;
				GCC_WARN_UNDECLARED_SELECTOR = YES;
				GCC_WARN_UNINITIALIZED_AUTOS = YES_AGGRESSIVE;
				GCC_WARN_UNUSED_FUNCTION = YES;
				GCC_WARN_UNUSED_VARIABLE = YES;
				IPHONEOS_DEPLOYMENT_TARGET = 11.2;
				MTL_ENABLE_DEBUG_INFO = YES;
				ONLY_ACTIVE_ARCH = YES;
				SDKROOT = iphoneos;
				SWIFT_ACTIVE_COMPILATION_CONDITIONS = DEBUG;
				SWIFT_OPTIMIZATION_LEVEL = "-Onone";
			};
			name = Debug;
		};
		903A7ED920B58EDA00EB1991 /* Release */ = {
			isa = XCBuildConfiguration;
			buildSettings = {
				ALWAYS_SEARCH_USER_PATHS = NO;
				CLANG_ANALYZER_NONNULL = YES;
				CLANG_ANALYZER_NUMBER_OBJECT_CONVERSION = YES_AGGRESSIVE;
				CLANG_CXX_LANGUAGE_STANDARD = "gnu++14";
				CLANG_CXX_LIBRARY = "libc++";
				CLANG_ENABLE_MODULES = YES;
				CLANG_ENABLE_OBJC_ARC = YES;
				CLANG_WARN_BLOCK_CAPTURE_AUTORELEASING = YES;
				CLANG_WARN_BOOL_CONVERSION = YES;
				CLANG_WARN_COMMA = YES;
				CLANG_WARN_CONSTANT_CONVERSION = YES;
				CLANG_WARN_DEPRECATED_OBJC_IMPLEMENTATIONS = YES;
				CLANG_WARN_DIRECT_OBJC_ISA_USAGE = YES_ERROR;
				CLANG_WARN_DOCUMENTATION_COMMENTS = YES;
				CLANG_WARN_EMPTY_BODY = YES;
				CLANG_WARN_ENUM_CONVERSION = YES;
				CLANG_WARN_INFINITE_RECURSION = YES;
				CLANG_WARN_INT_CONVERSION = YES;
				CLANG_WARN_NON_LITERAL_NULL_CONVERSION = YES;
				CLANG_WARN_OBJC_IMPLICIT_RETAIN_SELF = YES;
				CLANG_WARN_OBJC_LITERAL_CONVERSION = YES;
				CLANG_WARN_OBJC_ROOT_CLASS = YES_ERROR;
				CLANG_WARN_RANGE_LOOP_ANALYSIS = YES;
				CLANG_WARN_STRICT_PROTOTYPES = YES;
				CLANG_WARN_SUSPICIOUS_MOVE = YES;
				CLANG_WARN_UNGUARDED_AVAILABILITY = YES_AGGRESSIVE;
				CLANG_WARN_UNREACHABLE_CODE = YES;
				CLANG_WARN__DUPLICATE_METHOD_MATCH = YES;
				CODE_SIGN_IDENTITY = "iPhone Developer";
				COPY_PHASE_STRIP = NO;
				DEBUG_INFORMATION_FORMAT = "dwarf-with-dsym";
				ENABLE_NS_ASSERTIONS = NO;
				ENABLE_STRICT_OBJC_MSGSEND = YES;
				GCC_C_LANGUAGE_STANDARD = gnu11;
				GCC_NO_COMMON_BLOCKS = YES;
				GCC_WARN_64_TO_32_BIT_CONVERSION = YES;
				GCC_WARN_ABOUT_RETURN_TYPE = YES_ERROR;
				GCC_WARN_UNDECLARED_SELECTOR = YES;
				GCC_WARN_UNINITIALIZED_AUTOS = YES_AGGRESSIVE;
				GCC_WARN_UNUSED_FUNCTION = YES;
				GCC_WARN_UNUSED_VARIABLE = YES;
				IPHONEOS_DEPLOYMENT_TARGET = 11.2;
				MTL_ENABLE_DEBUG_INFO = NO;
				SDKROOT = iphoneos;
				SWIFT_OPTIMIZATION_LEVEL = "-Owholemodule";
				VALIDATE_PRODUCT = YES;
			};
			name = Release;
		};
		903A7EDB20B58EDA00EB1991 /* Debug */ = {
			isa = XCBuildConfiguration;
			buildSettings = {
				ASSETCATALOG_COMPILER_APPICON_NAME = AppIcon;
				CODE_SIGN_STYLE = Automatic;
				DEVELOPMENT_TEAM = KR24753493;
				INFOPLIST_FILE = HouseMeasure/Info.plist;
				LD_RUNPATH_SEARCH_PATHS = "$(inherited) @executable_path/Frameworks";
				PRODUCT_BUNDLE_IDENTIFIER = "HoAndLi-NTUT.HouseMeasure";
				PRODUCT_NAME = "$(TARGET_NAME)";
				SWIFT_VERSION = 4.0;
				TARGETED_DEVICE_FAMILY = "1,2";
			};
			name = Debug;
		};
		903A7EDC20B58EDA00EB1991 /* Release */ = {
			isa = XCBuildConfiguration;
			buildSettings = {
				ASSETCATALOG_COMPILER_APPICON_NAME = AppIcon;
				CODE_SIGN_STYLE = Automatic;
				DEVELOPMENT_TEAM = KR24753493;
				INFOPLIST_FILE = HouseMeasure/Info.plist;
				LD_RUNPATH_SEARCH_PATHS = "$(inherited) @executable_path/Frameworks";
				PRODUCT_BUNDLE_IDENTIFIER = "HoAndLi-NTUT.HouseMeasure";
				PRODUCT_NAME = "$(TARGET_NAME)";
				SWIFT_VERSION = 4.0;
				TARGETED_DEVICE_FAMILY = "1,2";
			};
			name = Release;
		};
/* End XCBuildConfiguration section */

/* Begin XCConfigurationList section */
		903A7EC120B58EDA00EB1991 /* Build configuration list for PBXProject "HouseMeasure" */ = {
			isa = XCConfigurationList;
			buildConfigurations = (
				903A7ED820B58EDA00EB1991 /* Debug */,
				903A7ED920B58EDA00EB1991 /* Release */,
			);
			defaultConfigurationIsVisible = 0;
			defaultConfigurationName = Release;
		};
		903A7EDA20B58EDA00EB1991 /* Build configuration list for PBXNativeTarget "HouseMeasure" */ = {
			isa = XCConfigurationList;
			buildConfigurations = (
				903A7EDB20B58EDA00EB1991 /* Debug */,
				903A7EDC20B58EDA00EB1991 /* Release */,
			);
			defaultConfigurationIsVisible = 0;
			defaultConfigurationName = Release;
		};
/* End XCConfigurationList section */
	};
	rootObject = 903A7EBE20B58EDA00EB1991 /* Project object */;
}
